PODS:
  - pop (1.0.10)
  - SSZipArchive (2.0.7)

DEPENDENCIES:
  - pop (~> 1.0)
  - SSZipArchive

SPEC CHECKSUMS:
  pop: 82ca6b068ce9278fd350fd9dd09482a0ce9492e6
  SSZipArchive: 8c197761d66bd33e7f8b5b51ee57dff303971150

PODFILE CHECKSUM: 563952b7c9139ab52daafd76aaa0e01cf8fbb156

COCOAPODS: 1.4.0.beta.1
